
Microsoft Visual Studio Solution File, Format Version 12.00
# Visual Studio Version 17
VisualStudioVersion = 17.14.37111.16 d17.14
MinimumVisualStudioVersion = 10.0.40219.1
Project("{8BC9CEB8-8B4A-11D0-8D11-00A0C91BC942}") = "ch05.ex14", "ch05.ex14.vcxproj", "{83EF8DBF-F7D2-4288-B315-687CF5422229}"
EndProject
Global
	GlobalSection(SolutionConfigurationPlatforms) = preSolution
		Debug|x64 = Debug|x64
		Debug|x86 = Debug|x86
		Release|x64 = Release|x64
		Release|x86 = Release|x86
	EndGlobalSection
	GlobalSection(ProjectConfigurationPlatforms) = postSolution
		{83EF8DBF-F7D2-4288-B315-687CF5422229}.Debug|x64.ActiveCfg = Debug|x64
		{83EF8DBF-F7D2-4288-B315-687CF5422229}.Debug|x64.Build.0 = Debug|x64
		{83EF8DBF-F7D2-4288-B315-687CF5422229}.Debug|x86.ActiveCfg = Debug|Win32
		{83EF8DBF-F7D2-4288-B315-687CF5422229}.Debug|x86.Build.0 = Debug|Win32
		{83EF8DBF-F7D2-4288-B315-687CF5422229}.Release|x64.ActiveCfg = Release|x64
		{83EF8DBF-F7D2-4288-B315-687CF5422229}.Release|x64.Build.0 = Release|x64
		{83EF8DBF-F7D2-4288-B315-687CF5422229}.Release|x86.ActiveCfg = Release|Win32
		{83EF8DBF-F7D2-4288-B315-687CF5422229}.Release|x86.Build.0 = Release|Win32
	EndGlobalSection
	GlobalSection(SolutionProperties) = preSolution
		HideSolutionNode = FALSE
	EndGlobalSection
	GlobalSection(ExtensibilityGlobals) = postSolution
		SolutionGuid = {028EB3F9-28B0-4DB1-B50E-4B1ADF5E37D9}
	EndGlobalSection
EndGlobal
